// !$*UTF8*$!
{
	archiveVersion = 1;
	classes = {
	};
	objectVersion = 56;
	objects = {

/* Begin PBXBuildFile section */
		EB8CB4242AAF993D00086C39 /* MAS_P1_MeenaAjithApp.swift in Sources */ = {isa = PBXBuildFile; fileRef = EB8CB4232AAF993D00086C39 /* MAS_P1_MeenaAjithApp.swift */; };
		EB8CB4262AAF993D00086C39 /* ContentView.swift in Sources */ = {isa = PBXBuildFile; fileRef = EB8CB4252AAF993D00086C39 /* ContentView.swift */; };
		EB8CB4282AAF993E00086C39 /* Assets.xcassets in Resources */ = {isa = PBXBuildFile; fileRef = EB8CB4272AAF993E00086C39 /* Assets.xcassets */; };
		EB8CB42B2AAF993E00086C39 /* Preview Assets.xcassets in Resources */ = {isa = PBXBuildFile; fileRef = EB8CB42A2AAF993E00086C39 /* Preview Assets.xcassets */; };
		EB8CB4352AAF993E00086C39 /* MAS_P1_MeenaAjithTests.swift in Sources */ = {isa = PBXBuildFile; fileRef = EB8CB4342AAF993E00086C39 /* MAS_P1_MeenaAjithTests.swift */; };
		EB8CB43F2AAF993E00086C39 /* MAS_P1_MeenaAjithUITests.swift in Sources */ = {isa = PBXBuildFile; fileRef = EB8CB43E2AAF993E00086C39 /* MAS_P1_MeenaAjithUITests.swift */; };
		EB8CB4412AAF993E00086C39 /* MAS_P1_MeenaAjithUITestsLaunchTests.swift in Sources */ = {isa = PBXBuildFile; fileRef = EB8CB4402AAF993E00086C39 /* MAS_P1_MeenaAjithUITestsLaunchTests.swift */; };
		EB8CB44F2AAF9C9900086C39 /* FirebaseAnalytics in Frameworks */ = {isa = PBXBuildFile; productRef = EB8CB44E2AAF9C9900086C39 /* FirebaseAnalytics */; };
		EB8CB4512AAF9C9900086C39 /* FirebaseAuth in Frameworks */ = {isa = PBXBuildFile; productRef = EB8CB4502AAF9C9900086C39 /* FirebaseAuth */; };
		EB8CB4532AAF9F9900086C39 /* GoogleService-Info.plist in Resources */ = {isa = PBXBuildFile; fileRef = EB8CB4522AAF9F9900086C39 /* GoogleService-Info.plist */; };
		EB8CB4552AAFAE1500086C39 /* WeatherView.swift in Sources */ = {isa = PBXBuildFile; fileRef = EB8CB4542AAFAE1500086C39 /* WeatherView.swift */; };
		EB8CB45B2AAFC63800086C39 /* WeatherAPI.swift in Sources */ = {isa = PBXBuildFile; fileRef = EB8CB45A2AAFC63800086C39 /* WeatherAPI.swift */; };
		EB8CB45D2AAFC69600086C39 /* WeatherButton.swift in Sources */ = {isa = PBXBuildFile; fileRef = EB8CB45C2AAFC69600086C39 /* WeatherButton.swift */; };
		EB8CB45F2AAFC6E400086C39 /* WeatherManager.swift in Sources */ = {isa = PBXBuildFile; fileRef = EB8CB45E2AAFC6E400086C39 /* WeatherManager.swift */; };
		EB8CB4612AAFC77100086C39 /* WeatherModel.swift in Sources */ = {isa = PBXBuildFile; fileRef = EB8CB4602AAFC77100086C39 /* WeatherModel.swift */; };
/* End PBXBuildFile section */

/* Begin PBXContainerItemProxy section */
		EB8CB4312AAF993E00086C39 /* PBXContainerItemProxy */ = {
			isa = PBXContainerItemProxy;
			containerPortal = EB8CB4182AAF993D00086C39 /* Project object */;
			proxyType = 1;
			remoteGlobalIDString = EB8CB41F2AAF993D00086C39;
			remoteInfo = MAS_P1_MeenaAjith;
		};
		EB8CB43B2AAF993E00086C39 /* PBXContainerItemProxy */ = {
			isa = PBXContainerItemProxy;
			containerPortal = EB8CB4182AAF993D00086C39 /* Project object */;
			proxyType = 1;
			remoteGlobalIDString = EB8CB41F2AAF993D00086C39;
			remoteInfo = MAS_P1_MeenaAjith;
		};
/* End PBXContainerItemProxy section */

/* Begin PBXFileReference section */
		EB8CB4202AAF993D00086C39 /* MAS_P1_MeenaAjith.app */ = {isa = PBXFileReference; explicitFileType = wrapper.application; includeInIndex = 0; path = MAS_P1_MeenaAjith.app; sourceTree = BUILT_PRODUCTS_DIR; };
		EB8CB4232AAF993D00086C39 /* MAS_P1_MeenaAjithApp.swift */ = {isa = PBXFileReference; lastKnownFileType = sourcecode.swift; path = MAS_P1_MeenaAjithApp.swift; sourceTree = "<group>"; };
		EB8CB4252AAF993D00086C39 /* ContentView.swift */ = {isa = PBXFileReference; lastKnownFileType = sourcecode.swift; path = ContentView.swift; sourceTree = "<group>"; };
		EB8CB4272AAF993E00086C39 /* Assets.xcassets */ = {isa = PBXFileReference; lastKnownFileType = folder.assetcatalog; path = Assets.xcassets; sourceTree = "<group>"; };
		EB8CB42A2AAF993E00086C39 /* Preview Assets.xcassets */ = {isa = PBXFileReference; lastKnownFileType = folder.assetcatalog; path = "Preview Assets.xcassets"; sourceTree = "<group>"; };
		EB8CB4302AAF993E00086C39 /* MAS_P1_MeenaAjithTests.xctest */ = {isa = PBXFileReference; explicitFileType = wrapper.cfbundle; includeInIndex = 0; path = MAS_P1_MeenaAjithTests.xctest; sourceTree = BUILT_PRODUCTS_DIR; };
		EB8CB4342AAF993E00086C39 /* MAS_P1_MeenaAjithTests.swift */ = {isa = PBXFileReference; lastKnownFileType = sourcecode.swift; path = MAS_P1_MeenaAjithTests.swift; sourceTree = "<group>"; };
		EB8CB43A2AAF993E00086C39 /* MAS_P1_MeenaAjithUITests.xctest */ = {isa = PBXFileReference; explicitFileType = wrapper.cfbundle; includeInIndex = 0; path = MAS_P1_MeenaAjithUITests.xctest; sourceTree = BUILT_PRODUCTS_DIR; };
		EB8CB43E2AAF993E00086C39 /* MAS_P1_MeenaAjithUITests.swift */ = {isa = PBXFileReference; lastKnownFileType = sourcecode.swift; path = MAS_P1_MeenaAjithUITests.swift; sourceTree = "<group>"; };
		EB8CB4402AAF993E00086C39 /* MAS_P1_MeenaAjithUITestsLaunchTests.swift */ = {isa = PBXFileReference; lastKnownFileType = sourcecode.swift; path = MAS_P1_MeenaAjithUITestsLaunchTests.swift; sourceTree = "<group>"; };
		EB8CB4522AAF9F9900086C39 /* GoogleService-Info.plist */ = {isa = PBXFileReference; fileEncoding = 4; lastKnownFileType = text.plist.xml; path = "GoogleService-Info.plist"; sourceTree = "<group>"; };
		EB8CB4542AAFAE1500086C39 /* WeatherView.swift */ = {isa = PBXFileReference; lastKnownFileType = sourcecode.swift; path = WeatherView.swift; sourceTree = "<group>"; };
		EB8CB45A2AAFC63800086C39 /* WeatherAPI.swift */ = {isa = PBXFileReference; lastKnownFileType = sourcecode.swift; path = WeatherAPI.swift; sourceTree = "<group>"; };
		EB8CB45C2AAFC69600086C39 /* WeatherButton.swift */ = {isa = PBXFileReference; lastKnownFileType = sourcecode.swift; path = WeatherButton.swift; sourceTree = "<group>"; };
		EB8CB45E2AAFC6E400086C39 /* WeatherManager.swift */ = {isa = PBXFileReference; lastKnownFileType = sourcecode.swift; path = WeatherManager.swift; sourceTree = "<group>"; };
		EB8CB4602AAFC77100086C39 /* WeatherModel.swift */ = {isa = PBXFileReference; lastKnownFileType = sourcecode.swift; path = WeatherModel.swift; sourceTree = "<group>"; };
		EB8CB4642AAFE5AF00086C39 /* MAS-P1-MeenaAjith-Info.plist */ = {isa = PBXFileReference; lastKnownFileType = text.plist; path = "MAS-P1-MeenaAjith-Info.plist"; sourceTree = SOURCE_ROOT; };
/* End PBXFileReference section */

/* Begin PBXFrameworksBuildPhase section */
		EB8CB41D2AAF993D00086C39 /* Frameworks */ = {
			isa = PBXFrameworksBuildPhase;
			buildActionMask = 2147483647;
			files = (
				EB8CB44F2AAF9C9900086C39 /* FirebaseAnalytics in Frameworks */,
				EB8CB4512AAF9C9900086C39 /* FirebaseAuth in Frameworks */,
			);
			runOnlyForDeploymentPostprocessing = 0;
		};
		EB8CB42D2AAF993E00086C39 /* Frameworks */ = {
			isa = PBXFrameworksBuildPhase;
			buildActionMask = 2147483647;
			files = (
			);
			runOnlyForDeploymentPostprocessing = 0;
		};
		EB8CB4372AAF993E00086C39 /* Frameworks */ = {
			isa = PBXFrameworksBuildPhase;
			buildActionMask = 2147483647;
			files = (
			);
			runOnlyForDeploymentPostprocessing = 0;
		};
/* End PBXFrameworksBuildPhase section */

/* Begin PBXGroup section */
		EB8CB4172AAF993D00086C39 = {
			isa = PBXGroup;
			children = (
				EB8CB4222AAF993D00086C39 /* MAS_P1_MeenaAjith */,
				EB8CB4332AAF993E00086C39 /* MAS_P1_MeenaAjithTests */,
				EB8CB43D2AAF993E00086C39 /* MAS_P1_MeenaAjithUITests */,
				EB8CB4212AAF993D00086C39 /* Products */,
			);
			sourceTree = "<group>";
		};
		EB8CB4212AAF993D00086C39 /* Products */ = {
			isa = PBXGroup;
			children = (
				EB8CB4202AAF993D00086C39 /* MAS_P1_MeenaAjith.app */,
				EB8CB4302AAF993E00086C39 /* MAS_P1_MeenaAjithTests.xctest */,
				EB8CB43A2AAF993E00086C39 /* MAS_P1_MeenaAjithUITests.xctest */,
			);
			name = Products;
			sourceTree = "<group>";
		};
		EB8CB4222AAF993D00086C39 /* MAS_P1_MeenaAjith */ = {
			isa = PBXGroup;
			children = (
				EB8CB4642AAFE5AF00086C39 /* MAS-P1-MeenaAjith-Info.plist */,
				EB8CB4232AAF993D00086C39 /* MAS_P1_MeenaAjithApp.swift */,
				EB8CB4252AAF993D00086C39 /* ContentView.swift */,
				EB8CB45E2AAFC6E400086C39 /* WeatherManager.swift */,
				EB8CB45C2AAFC69600086C39 /* WeatherButton.swift */,
				EB8CB45A2AAFC63800086C39 /* WeatherAPI.swift */,
				EB8CB4542AAFAE1500086C39 /* WeatherView.swift */,
				EB8CB4602AAFC77100086C39 /* WeatherModel.swift */,
				EB8CB4272AAF993E00086C39 /* Assets.xcassets */,
				EB8CB4522AAF9F9900086C39 /* GoogleService-Info.plist */,
				EB8CB4292AAF993E00086C39 /* Preview Content */,
			);
			path = MAS_P1_MeenaAjith;
			sourceTree = "<group>";
		};
		EB8CB4292AAF993E00086C39 /* Preview Content */ = {
			isa = PBXGroup;
			children = (
				EB8CB42A2AAF993E00086C39 /* Preview Assets.xcassets */,
			);
			path = "Preview Content";
			sourceTree = "<group>";
		};
		EB8CB4332AAF993E00086C39 /* MAS_P1_MeenaAjithTests */ = {
			isa = PBXGroup;
			children = (
				EB8CB4342AAF993E00086C39 /* MAS_P1_MeenaAjithTests.swift */,
			);
			path = MAS_P1_MeenaAjithTests;
			sourceTree = "<group>";
		};
		EB8CB43D2AAF993E00086C39 /* MAS_P1_MeenaAjithUITests */ = {
			isa = PBXGroup;
			children = (
				EB8CB43E2AAF993E00086C39 /* MAS_P1_MeenaAjithUITests.swift */,
				EB8CB4402AAF993E00086C39 /* MAS_P1_MeenaAjithUITestsLaunchTests.swift */,
			);
			path = MAS_P1_MeenaAjithUITests;
			sourceTree = "<group>";
		};
/* End PBXGroup section */

/* Begin PBXNativeTarget section */
		EB8CB41F2AAF993D00086C39 /* MAS_P1_MeenaAjith */ = {
			isa = PBXNativeTarget;
			buildConfigurationList = EB8CB4442AAF993E00086C39 /* Build configuration list for PBXNativeTarget "MAS_P1_MeenaAjith" */;
			buildPhases = (
				EB8CB41C2AAF993D00086C39 /* Sources */,
				EB8CB41D2AAF993D00086C39 /* Frameworks */,
				EB8CB41E2AAF993D00086C39 /* Resources */,
			);
			buildRules = (
			);
			dependencies = (
			);
			name = MAS_P1_MeenaAjith;
			packageProductDependencies = (
				EB8CB44E2AAF9C9900086C39 /* FirebaseAnalytics */,
				EB8CB4502AAF9C9900086C39 /* FirebaseAuth */,
			);
			productName = MAS_P1_MeenaAjith;
			productReference = EB8CB4202AAF993D00086C39 /* MAS_P1_MeenaAjith.app */;
			productType = "com.apple.product-type.application";
		};
		EB8CB42F2AAF993E00086C39 /* MAS_P1_MeenaAjithTests */ = {
			isa = PBXNativeTarget;
			buildConfigurationList = EB8CB4472AAF993E00086C39 /* Build configuration list for PBXNativeTarget "MAS_P1_MeenaAjithTests" */;
			buildPhases = (
				EB8CB42C2AAF993E00086C39 /* Sources */,
				EB8CB42D2AAF993E00086C39 /* Frameworks */,
				EB8CB42E2AAF993E00086C39 /* Resources */,
			);
			buildRules = (
			);
			dependencies = (
				EB8CB4322AAF993E00086C39 /* PBXTargetDependency */,
			);
			name = MAS_P1_MeenaAjithTests;
			productName = MAS_P1_MeenaAjithTests;
			productReference = EB8CB4302AAF993E00086C39 /* MAS_P1_MeenaAjithTests.xctest */;
			productType = "com.apple.product-type.bundle.unit-test";
		};
		EB8CB4392AAF993E00086C39 /* MAS_P1_MeenaAjithUITests */ = {
			isa = PBXNativeTarget;
			buildConfigurationList = EB8CB44A2AAF993E00086C39 /* Build configuration list for PBXNativeTarget "MAS_P1_MeenaAjithUITests" */;
			buildPhases = (
				EB8CB4362AAF993E00086C39 /* Sources */,
				EB8CB4372AAF993E00086C39 /* Frameworks */,
				EB8CB4382AAF993E00086C39 /* Resources */,
			);
			buildRules = (
			);
			dependencies = (
				EB8CB43C2AAF993E00086C39 /* PBXTargetDependency */,
			);
			name = MAS_P1_MeenaAjithUITests;
			productName = MAS_P1_MeenaAjithUITests;
			productReference = EB8CB43A2AAF993E00086C39 /* MAS_P1_MeenaAjithUITests.xctest */;
			productType = "com.apple.product-type.bundle.ui-testing";
		};
/* End PBXNativeTarget section */

/* Begin PBXProject section */
		EB8CB4182AAF993D00086C39 /* Project object */ = {
			isa = PBXProject;
			attributes = {
				BuildIndependentTargetsInParallel = 1;
				LastSwiftUpdateCheck = 1430;
				LastUpgradeCheck = 1430;
				TargetAttributes = {
					EB8CB41F2AAF993D00086C39 = {
						CreatedOnToolsVersion = 14.3.1;
					};
					EB8CB42F2AAF993E00086C39 = {
						CreatedOnToolsVersion = 14.3.1;
						TestTargetID = EB8CB41F2AAF993D00086C39;
					};
					EB8CB4392AAF993E00086C39 = {
						CreatedOnToolsVersion = 14.3.1;
						TestTargetID = EB8CB41F2AAF993D00086C39;
					};
				};
			};
			buildConfigurationList = EB8CB41B2AAF993D00086C39 /* Build configuration list for PBXProject "MAS_P1_MeenaAjith" */;
			compatibilityVersion = "Xcode 14.0";
			developmentRegion = en;
			hasScannedForEncodings = 0;
			knownRegions = (
				en,
				Base,
			);
			mainGroup = EB8CB4172AAF993D00086C39;
			packageReferences = (
				EB8CB44D2AAF9C9900086C39 /* XCRemoteSwiftPackageReference "firebase-ios-sdk" */,
			);
			productRefGroup = EB8CB4212AAF993D00086C39 /* Products */;
			projectDirPath = "";
			projectRoot = "";
			targets = (
				EB8CB41F2AAF993D00086C39 /* MAS_P1_MeenaAjith */,
				EB8CB42F2AAF993E00086C39 /* MAS_P1_MeenaAjithTests */,
				EB8CB4392AAF993E00086C39 /* MAS_P1_MeenaAjithUITests */,
			);
		};
/* End PBXProject section */

/* Begin PBXResourcesBuildPhase section */
		EB8CB41E2AAF993D00086C39 /* Resources */ = {
			isa = PBXResourcesBuildPhase;
			buildActionMask = 2147483647;
			files = (
				EB8CB42B2AAF993E00086C39 /* Preview Assets.xcassets in Resources */,
				EB8CB4282AAF993E00086C39 /* Assets.xcassets in Resources */,
				EB8CB4532AAF9F9900086C39 /* GoogleService-Info.plist in Resources */,
			);
			runOnlyForDeploymentPostprocessing = 0;
		};
		EB8CB42E2AAF993E00086C39 /* Resources */ = {
			isa = PBXResourcesBuildPhase;
			buildActionMask = 2147483647;
			files = (
			);
			runOnlyForDeploymentPostprocessing = 0;
		};
		EB8CB4382AAF993E00086C39 /* Resources */ = {
			isa = PBXResourcesBuildPhase;
			buildActionMask = 2147483647;
			files = (
			);
			runOnlyForDeploymentPostprocessing = 0;
		};
/* End PBXResourcesBuildPhase section */

/* Begin PBXSourcesBuildPhase section */
		EB8CB41C2AAF993D00086C39 /* Sources */ = {
			isa = PBXSourcesBuildPhase;
			buildActionMask = 2147483647;
			files = (
				EB8CB45F2AAFC6E400086C39 /* WeatherManager.swift in Sources */,
				EB8CB4552AAFAE1500086C39 /* WeatherView.swift in Sources */,
				EB8CB45B2AAFC63800086C39 /* WeatherAPI.swift in Sources */,
				EB8CB4612AAFC77100086C39 /* WeatherModel.swift in Sources */,
				EB8CB4262AAF993D00086C39 /* ContentView.swift in Sources */,
				EB8CB4242AAF993D00086C39 /* MAS_P1_MeenaAjithApp.swift in Sources */,
				EB8CB45D2AAFC69600086C39 /* WeatherButton.swift in Sources */,
			);
			runOnlyForDeploymentPostprocessing = 0;
		};
		EB8CB42C2AAF993E00086C39 /* Sources */ = {
			isa = PBXSourcesBuildPhase;
			buildActionMask = 2147483647;
			files = (
				EB8CB4352AAF993E00086C39 /* MAS_P1_MeenaAjithTests.swift in Sources */,
			);
			runOnlyForDeploymentPostprocessing = 0;
		};
		EB8CB4362AAF993E00086C39 /* Sources */ = {
			isa = PBXSourcesBuildPhase;
			buildActionMask = 2147483647;
			files = (
				EB8CB43F2AAF993E00086C39 /* MAS_P1_MeenaAjithUITests.swift in Sources */,
				EB8CB4412AAF993E00086C39 /* MAS_P1_MeenaAjithUITestsLaunchTests.swift in Sources */,
			);
			runOnlyForDeploymentPostprocessing = 0;
		};
/* End PBXSourcesBuildPhase section */

/* Begin PBXTargetDependency section */
		EB8CB4322AAF993E00086C39 /* PBXTargetDependency */ = {
			isa = PBXTargetDependency;
			target = EB8CB41F2AAF993D00086C39 /* MAS_P1_MeenaAjith */;
			targetProxy = EB8CB4312AAF993E00086C39 /* PBXContainerItemProxy */;
		};
		EB8CB43C2AAF993E00086C39 /* PBXTargetDependency */ = {
			isa = PBXTargetDependency;
			target = EB8CB41F2AAF993D00086C39 /* MAS_P1_MeenaAjith */;
			targetProxy = EB8CB43B2AAF993E00086C39 /* PBXContainerItemProxy */;
		};
/* End PBXTargetDependency section */

/* Begin XCBuildConfiguration section */
		EB8CB4422AAF993E00086C39 /* Debug */ = {
			isa = XCBuildConfiguration;
			buildSettings = {
				ALWAYS_SEARCH_USER_PATHS = NO;
				CLANG_ANALYZER_NONNULL = YES;
				CLANG_ANALYZER_NUMBER_OBJECT_CONVERSION = YES_AGGRESSIVE;
				CLANG_CXX_LANGUAGE_STANDARD = "gnu++20";
				CLANG_ENABLE_MODULES = YES;
				CLANG_ENABLE_OBJC_ARC = YES;
				CLANG_ENABLE_OBJC_WEAK = YES;
				CLANG_WARN_BLOCK_CAPTURE_AUTORELEASING = YES;
				CLANG_WARN_BOOL_CONVERSION = YES;
				CLANG_WARN_COMMA = YES;
				CLANG_WARN_CONSTANT_CONVERSION = YES;
				CLANG_WARN_DEPRECATED_OBJC_IMPLEMENTATIONS = YES;
				CLANG_WARN_DIRECT_OBJC_ISA_USAGE = YES_ERROR;
				CLANG_WARN_DOCUMENTATION_COMMENTS = YES;
				CLANG_WARN_EMPTY_BODY = YES;
				CLANG_WARN_ENUM_CONVERSION = YES;
				CLANG_WARN_INFINITE_RECURSION = YES;
				CLANG_WARN_INT_CONVERSION = YES;
				CLANG_WARN_NON_LITERAL_NULL_CONVERSION = YES;
				CLANG_WARN_OBJC_IMPLICIT_RETAIN_SELF = YES;
				CLANG_WARN_OBJC_LITERAL_CONVERSION = YES;
				CLANG_WARN_OBJC_ROOT_CLASS = YES_ERROR;
				CLANG_WARN_QUOTED_INCLUDE_IN_FRAMEWORK_HEADER = YES;
				CLANG_WARN_RANGE_LOOP_ANALYSIS = YES;
				CLANG_WARN_STRICT_PROTOTYPES = YES;
				CLANG_WARN_SUSPICIOUS_MOVE = YES;
				CLANG_WARN_UNGUARDED_AVAILABILITY = YES_AGGRESSIVE;
				CLANG_WARN_UNREACHABLE_CODE = YES;
				CLANG_WARN__DUPLICATE_METHOD_MATCH = YES;
				COPY_PHASE_STRIP = NO;
				DEBUG_INFORMATION_FORMAT = dwarf;
				ENABLE_STRICT_OBJC_MSGSEND = YES;
				ENABLE_TESTABILITY = YES;
				GCC_C_LANGUAGE_STANDARD = gnu11;
				GCC_DYNAMIC_NO_PIC = NO;
				GCC_NO_COMMON_BLOCKS = YES;
				GCC_OPTIMIZATION_LEVEL = 0;
				GCC_PREPROCESSOR_DEFINITIONS = (
					"DEBUG=1",
					"$(inherited)",
				);
				GCC_WARN_64_TO_32_BIT_CONVERSION = YES;
				GCC_WARN_ABOUT_RETURN_TYPE = YES_ERROR;
				GCC_WARN_UNDECLARED_SELECTOR = YES;
				GCC_WARN_UNINITIALIZED_AUTOS = YES_AGGRESSIVE;
				GCC_WARN_UNUSED_FUNCTION = YES;
				GCC_WARN_UNUSED_VARIABLE = YES;
				IPHONEOS_DEPLOYMENT_TARGET = 16.4;
				MTL_ENABLE_DEBUG_INFO = INCLUDE_SOURCE;
				MTL_FAST_MATH = YES;
				ONLY_ACTIVE_ARCH = YES;
				SDKROOT = iphoneos;
				SWIFT_ACTIVE_COMPILATION_CONDITIONS = DEBUG;
				SWIFT_OPTIMIZATION_LEVEL = "-Onone";
			};
			name = Debug;
		};
		EB8CB4432AAF993E00086C39 /* Release */ = {
			isa = XCBuildConfiguration;
			buildSettings = {
				ALWAYS_SEARCH_USER_PATHS = NO;
				CLANG_ANALYZER_NONNULL = YES;
				CLANG_ANALYZER_NUMBER_OBJECT_CONVERSION = YES_AGGRESSIVE;
				CLANG_CXX_LANGUAGE_STANDARD = "gnu++20";
				CLANG_ENABLE_MODULES = YES;
				CLANG_ENABLE_OBJC_ARC = YES;
				CLANG_ENABLE_OBJC_WEAK = YES;
				CLANG_WARN_BLOCK_CAPTURE_AUTORELEASING = YES;
				CLANG_WARN_BOOL_CONVERSION = YES;
				CLANG_WARN_COMMA = YES;
				CLANG_WARN_CONSTANT_CONVERSION = YES;
				CLANG_WARN_DEPRECATED_OBJC_IMPLEMENTATIONS = YES;
				CLANG_WARN_DIRECT_OBJC_ISA_USAGE = YES_ERROR;
				CLANG_WARN_DOCUMENTATION_COMMENTS = YES;
				CLANG_WARN_EMPTY_BODY = YES;
				CLANG_WARN_ENUM_CONVERSION = YES;
				CLANG_WARN_INFINITE_RECURSION = YES;
				CLANG_WARN_INT_CONVERSION = YES;
				CLANG_WARN_NON_LITERAL_NULL_CONVERSION = YES;
				CLANG_WARN_OBJC_IMPLICIT_RETAIN_SELF = YES;
				CLANG_WARN_OBJC_LITERAL_CONVERSION = YES;
				CLANG_WARN_OBJC_ROOT_CLASS = YES_ERROR;
				CLANG_WARN_QUOTED_INCLUDE_IN_FRAMEWORK_HEADER = YES;
				CLANG_WARN_RANGE_LOOP_ANALYSIS = YES;
				CLANG_WARN_STRICT_PROTOTYPES = YES;
				CLANG_WARN_SUSPICIOUS_MOVE = YES;
				CLANG_WARN_UNGUARDED_AVAILABILITY = YES_AGGRESSIVE;
				CLANG_WARN_UNREACHABLE_CODE = YES;
				CLANG_WARN__DUPLICATE_METHOD_MATCH = YES;
				COPY_PHASE_STRIP = NO;
				DEBUG_INFORMATION_FORMAT = "dwarf-with-dsym";
				ENABLE_NS_ASSERTIONS = NO;
				ENABLE_STRICT_OBJC_MSGSEND = YES;
				GCC_C_LANGUAGE_STANDARD = gnu11;
				GCC_NO_COMMON_BLOCKS = YES;
				GCC_WARN_64_TO_32_BIT_CONVERSION = YES;
				GCC_WARN_ABOUT_RETURN_TYPE = YES_ERROR;
				GCC_WARN_UNDECLARED_SELECTOR = YES;
				GCC_WARN_UNINITIALIZED_AUTOS = YES_AGGRESSIVE;
				GCC_WARN_UNUSED_FUNCTION = YES;
				GCC_WARN_UNUSED_VARIABLE = YES;
				IPHONEOS_DEPLOYMENT_TARGET = 16.4;
				MTL_ENABLE_DEBUG_INFO = NO;
				MTL_FAST_MATH = YES;
				SDKROOT = iphoneos;
				SWIFT_COMPILATION_MODE = wholemodule;
				SWIFT_OPTIMIZATION_LEVEL = "-O";
				VALIDATE_PRODUCT = YES;
			};
			name = Release;
		};
		EB8CB4452AAF993E00086C39 /* Debug */ = {
			isa = XCBuildConfiguration;
			buildSettings = {
				ASSETCATALOG_COMPILER_APPICON_NAME = AppIcon;
				ASSETCATALOG_COMPILER_GLOBAL_ACCENT_COLOR_NAME = AccentColor;
				CODE_SIGN_STYLE = Automatic;
				CURRENT_PROJECT_VERSION = 1;
				DEVELOPMENT_ASSET_PATHS = "\"MAS_P1_MeenaAjith/Preview Content\"";
				DEVELOPMENT_TEAM = SF9C87BTA6;
				ENABLE_PREVIEWS = YES;
				GENERATE_INFOPLIST_FILE = YES;
				INFOPLIST_FILE = "MAS-P1-MeenaAjith-Info.plist";
				INFOPLIST_KEY_NSLocationWhenInUseUsageDescription = "Access to your current location is necessary to fetch weather data.";
				INFOPLIST_KEY_UIApplicationSceneManifest_Generation = YES;
				INFOPLIST_KEY_UIApplicationSupportsIndirectInputEvents = YES;
				INFOPLIST_KEY_UILaunchScreen_Generation = YES;
				INFOPLIST_KEY_UISupportedInterfaceOrientations_iPad = "UIInterfaceOrientationPortrait UIInterfaceOrientationPortraitUpsideDown UIInterfaceOrientationLandscapeLeft UIInterfaceOrientationLandscapeRight";
				INFOPLIST_KEY_UISupportedInterfaceOrientations_iPhone = "UIInterfaceOrientationPortrait UIInterfaceOrientationLandscapeLeft UIInterfaceOrientationLandscapeRight";
				LD_RUNPATH_SEARCH_PATHS = (
					"$(inherited)",
					"@executable_path/Frameworks",
				);
				MARKETING_VERSION = 1.0;
				PRODUCT_BUNDLE_IDENTIFIER = "com.CS8803.MAS-P1-MeenaAjith";
				PRODUCT_NAME = "$(TARGET_NAME)";
				SWIFT_EMIT_LOC_STRINGS = YES;
				SWIFT_VERSION = 5.0;
				TARGETED_DEVICE_FAMILY = "1,2";
			};
			name = Debug;
		};
		EB8CB4462AAF993E00086C39 /* Release */ = {
			isa = XCBuildConfiguration;
			buildSettings = {
				ASSETCATALOG_COMPILER_APPICON_NAME = AppIcon;
				ASSETCATALOG_COMPILER_GLOBAL_ACCENT_COLOR_NAME = AccentColor;
				CODE_SIGN_STYLE = Automatic;
				CURRENT_PROJECT_VERSION = 1;
				DEVELOPMENT_ASSET_PATHS = "\"MAS_P1_MeenaAjith/Preview Content\"";
				DEVELOPMENT_TEAM = SF9C87BTA6;
				ENABLE_PREVIEWS = YES;
				GENERATE_INFOPLIST_FILE = YES;
				INFOPLIST_FILE = "MAS-P1-MeenaAjith-Info.plist";
				INFOPLIST_KEY_NSLocationWhenInUseUsageDescription = "Access to your current location is necessary to fetch weather data.";
				INFOPLIST_KEY_UIApplicationSceneManifest_Generation = YES;
				INFOPLIST_KEY_UIApplicationSupportsIndirectInputEvents = YES;
				INFOPLIST_KEY_UILaunchScreen_Generation = YES;
				INFOPLIST_KEY_UISupportedInterfaceOrientations_iPad = "UIInterfaceOrientationPortrait UIInterfaceOrientationPortraitUpsideDown UIInterfaceOrientationLandscapeLeft UIInterfaceOrientationLandscapeRight";
				INFOPLIST_KEY_UISupportedInterfaceOrientations_iPhone = "UIInterfaceOrientationPortrait UIInterfaceOrientationLandscapeLeft UIInterfaceOrientationLandscapeRight";
				LD_RUNPATH_SEARCH_PATHS = (
					"$(inherited)",
					"@executable_path/Frameworks",
				);
				MARKETING_VERSION = 1.0;
				PRODUCT_BUNDLE_IDENTIFIER = "com.CS8803.MAS-P1-MeenaAjith";
				PRODUCT_NAME = "$(TARGET_NAME)";
				SWIFT_EMIT_LOC_STRINGS = YES;
				SWIFT_VERSION = 5.0;
				TARGETED_DEVICE_FAMILY = "1,2";
			};
			name = Release;
		};
		EB8CB4482AAF993E00086C39 /* Debug */ = {
			isa = XCBuildConfiguration;
			buildSettings = {
				ALWAYS_EMBED_SWIFT_STANDARD_LIBRARIES = YES;
				BUNDLE_LOADER = "$(TEST_HOST)";
				CODE_SIGN_STYLE = Automatic;
				CURRENT_PROJECT_VERSION = 1;
				GENERATE_INFOPLIST_FILE = YES;
				IPHONEOS_DEPLOYMENT_TARGET = 16.4;
				MARKETING_VERSION = 1.0;
				PRODUCT_BUNDLE_IDENTIFIER = "com.CS8803.MAS-P1-MeenaAjithTests";
				PRODUCT_NAME = "$(TARGET_NAME)";
				SWIFT_EMIT_LOC_STRINGS = NO;
				SWIFT_VERSION = 5.0;
				TARGETED_DEVICE_FAMILY = "1,2";
				TEST_HOST = "$(BUILT_PRODUCTS_DIR)/MAS_P1_MeenaAjith.app/$(BUNDLE_EXECUTABLE_FOLDER_PATH)/MAS_P1_MeenaAjith";
			};
			name = Debug;
		};
		EB8CB4492AAF993E00086C39 /* Release */ = {
			isa = XCBuildConfiguration;
			buildSettings = {
				ALWAYS_EMBED_SWIFT_STANDARD_LIBRARIES = YES;
				BUNDLE_LOADER = "$(TEST_HOST)";
				CODE_SIGN_STYLE = Automatic;
				CURRENT_PROJECT_VERSION = 1;
				GENERATE_INFOPLIST_FILE = YES;
				IPHONEOS_DEPLOYMENT_TARGET = 16.4;
				MARKETING_VERSION = 1.0;
				PRODUCT_BUNDLE_IDENTIFIER = "com.CS8803.MAS-P1-MeenaAjithTests";
				PRODUCT_NAME = "$(TARGET_NAME)";
				SWIFT_EMIT_LOC_STRINGS = NO;
				SWIFT_VERSION = 5.0;
				TARGETED_DEVICE_FAMILY = "1,2";
				TEST_HOST = "$(BUILT_PRODUCTS_DIR)/MAS_P1_MeenaAjith.app/$(BUNDLE_EXECUTABLE_FOLDER_PATH)/MAS_P1_MeenaAjith";
			};
			name = Release;
		};
		EB8CB44B2AAF993E00086C39 /* Debug */ = {
			isa = XCBuildConfiguration;
			buildSettings = {
				ALWAYS_EMBED_SWIFT_STANDARD_LIBRARIES = YES;
				CODE_SIGN_STYLE = Automatic;
				CURRENT_PROJECT_VERSION = 1;
				GENERATE_INFOPLIST_FILE = YES;
				MARKETING_VERSION = 1.0;
				PRODUCT_BUNDLE_IDENTIFIER = "com.CS8803.MAS-P1-MeenaAjithUITests";
				PRODUCT_NAME = "$(TARGET_NAME)";
				SWIFT_EMIT_LOC_STRINGS = NO;
				SWIFT_VERSION = 5.0;
				TARGETED_DEVICE_FAMILY = "1,2";
				TEST_TARGET_NAME = MAS_P1_MeenaAjith;
			};
			name = Debug;
		};
		EB8CB44C2AAF993E00086C39 /* Release */ = {
			isa = XCBuildConfiguration;
			buildSettings = {
				ALWAYS_EMBED_SWIFT_STANDARD_LIBRARIES = YES;
				CODE_SIGN_STYLE = Automatic;
				CURRENT_PROJECT_VERSION = 1;
				GENERATE_INFOPLIST_FILE = YES;
				MARKETING_VERSION = 1.0;
				PRODUCT_BUNDLE_IDENTIFIER = "com.CS8803.MAS-P1-MeenaAjithUITests";
				PRODUCT_NAME = "$(TARGET_NAME)";
				SWIFT_EMIT_LOC_STRINGS = NO;
				SWIFT_VERSION = 5.0;
				TARGETED_DEVICE_FAMILY = "1,2";
				TEST_TARGET_NAME = MAS_P1_MeenaAjith;
			};
			name = Release;
		};
/* End XCBuildConfiguration section */

/* Begin XCConfigurationList section */
		EB8CB41B2AAF993D00086C39 /* Build configuration list for PBXProject "MAS_P1_MeenaAjith" */ = {
			isa = XCConfigurationList;
			buildConfigurations = (
				EB8CB4422AAF993E00086C39 /* Debug */,
				EB8CB4432AAF993E00086C39 /* Release */,
			);
			defaultConfigurationIsVisible = 0;
			defaultConfigurationName = Release;
		};
		EB8CB4442AAF993E00086C39 /* Build configuration list for PBXNativeTarget "MAS_P1_MeenaAjith" */ = {
			isa = XCConfigurationList;
			buildConfigurations = (
				EB8CB4452AAF993E00086C39 /* Debug */,
				EB8CB4462AAF993E00086C39 /* Release */,
			);
			defaultConfigurationIsVisible = 0;
			defaultConfigurationName = Release;
		};
		EB8CB4472AAF993E00086C39 /* Build configuration list for PBXNativeTarget "MAS_P1_MeenaAjithTests" */ = {
			isa = XCConfigurationList;
			buildConfigurations = (
				EB8CB4482AAF993E00086C39 /* Debug */,
				EB8CB4492AAF993E00086C39 /* Release */,
			);
			defaultConfigurationIsVisible = 0;
			defaultConfigurationName = Release;
		};
		EB8CB44A2AAF993E00086C39 /* Build configuration list for PBXNativeTarget "MAS_P1_MeenaAjithUITests" */ = {
			isa = XCConfigurationList;
			buildConfigurations = (
				EB8CB44B2AAF993E00086C39 /* Debug */,
				EB8CB44C2AAF993E00086C39 /* Release */,
			);
			defaultConfigurationIsVisible = 0;
			defaultConfigurationName = Release;
		};
/* End XCConfigurationList section */

/* Begin XCRemoteSwiftPackageReference section */
		EB8CB44D2AAF9C9900086C39 /* XCRemoteSwiftPackageReference "firebase-ios-sdk" */ = {
			isa = XCRemoteSwiftPackageReference;
			repositoryURL = "https://github.com/firebase/firebase-ios-sdk.git";
			requirement = {
				kind = upToNextMajorVersion;
				minimumVersion = 10.0.0;
			};
		};
/* End XCRemoteSwiftPackageReference section */

/* Begin XCSwiftPackageProductDependency section */
		EB8CB44E2AAF9C9900086C39 /* FirebaseAnalytics */ = {
			isa = XCSwiftPackageProductDependency;
			package = EB8CB44D2AAF9C9900086C39 /* XCRemoteSwiftPackageReference "firebase-ios-sdk" */;
			productName = FirebaseAnalytics;
		};
		EB8CB4502AAF9C9900086C39 /* FirebaseAuth */ = {
			isa = XCSwiftPackageProductDependency;
			package = EB8CB44D2AAF9C9900086C39 /* XCRemoteSwiftPackageReference "firebase-ios-sdk" */;
			productName = FirebaseAuth;
		};
/* End XCSwiftPackageProductDependency section */
	};
	rootObject = EB8CB4182AAF993D00086C39 /* Project object */;
}
